
Microsoft Visual Studio Solution File, Format Version 12.00
# Visual Studio Version 17
VisualStudioVersion = 17.9.34701.34
MinimumVisualStudioVersion = 10.0.40219.1
Project("{FAE04EC0-301F-11D3-BF4B-00C04F79EFBC}") = "SistemaTCC", "SistemaTCC\SistemaTCC.csproj", "{C2361765-985F-4564-8588-8B0F90798C60}"
EndProject
Global
	GlobalSection(SolutionConfigurationPlatforms) = preSolution
		Debug|Any CPU = Debug|Any CPU
		Release|Any CPU = Release|Any CPU
	EndGlobalSection
	GlobalSection(ProjectConfigurationPlatforms) = postSolution
		{C2361765-985F-4564-8588-8B0F90798C60}.Debug|Any CPU.ActiveCfg = Debug|Any CPU
		{C2361765-985F-4564-8588-8B0F90798C60}.Debug|Any CPU.Build.0 = Debug|Any CPU
		{C2361765-985F-4564-8588-8B0F90798C60}.Release|Any CPU.ActiveCfg = Release|Any CPU
		{C2361765-985F-4564-8588-8B0F90798C60}.Release|Any CPU.Build.0 = Release|Any CPU
	EndGlobalSection
	GlobalSection(SolutionProperties) = preSolution
		HideSolutionNode = FALSE
	EndGlobalSection
	GlobalSection(ExtensibilityGlobals) = postSolution
		SolutionGuid = {14ED6F0B-38F8-4D31-BD28-6D3CF497BBEE}
	EndGlobalSection
EndGlobal
